
Microsoft Visual Studio Solution File, Format Version 12.00
# Visual Studio Version 16
VisualStudioVersion = 16.0.30128.74
MinimumVisualStudioVersion = 10.0.40219.1
Project("{8BC9CEB8-8B4A-11D0-8D11-00A0C91BC942}") = "isNTFS", "isNTFS\isNTFS.vcxproj", "{FC1E7288-41B6-4F6F-80AC-194BC1A493E1}"
EndProject
Global
	GlobalSection(SolutionConfigurationPlatforms) = preSolution
		Debug|x64 = Debug|x64
		Debug|x86 = Debug|x86
		Release|x64 = Release|x64
		Release|x86 = Release|x86
	EndGlobalSection
	GlobalSection(ProjectConfigurationPlatforms) = postSolution
		{FC1E7288-41B6-4F6F-80AC-194BC1A493E1}.Debug|x64.ActiveCfg = Debug|x64
		{FC1E7288-41B6-4F6F-80AC-194BC1A493E1}.Debug|x64.Build.0 = Debug|x64
		{FC1E7288-41B6-4F6F-80AC-194BC1A493E1}.Debug|x86.ActiveCfg = Debug|Win32
		{FC1E7288-41B6-4F6F-80AC-194BC1A493E1}.Debug|x86.Build.0 = Debug|Win32
		{FC1E7288-41B6-4F6F-80AC-194BC1A493E1}.Release|x64.ActiveCfg = Release|x64
		{FC1E7288-41B6-4F6F-80AC-194BC1A493E1}.Release|x64.Build.0 = Release|x64
		{FC1E7288-41B6-4F6F-80AC-194BC1A493E1}.Release|x86.ActiveCfg = Release|Win32
		{FC1E7288-41B6-4F6F-80AC-194BC1A493E1}.Release|x86.Build.0 = Release|Win32
	EndGlobalSection
	GlobalSection(SolutionProperties) = preSolution
		HideSolutionNode = FALSE
	EndGlobalSection
	GlobalSection(ExtensibilityGlobals) = postSolution
		SolutionGuid = {45C6619F-5540-4C18-A261-8E34ABC7EF44}
	EndGlobalSection
EndGlobal
