
Microsoft Visual Studio Solution File, Format Version 12.00
# Visual Studio Version 16
VisualStudioVersion = 16.0.30406.217
MinimumVisualStudioVersion = 10.0.40219.1
Project("{8BC9CEB8-8B4A-11D0-8D11-00A0C91BC942}") = "daemonProcess", "daemonProcess\daemonProcess.vcxproj", "{02210376-2D05-4E51-9790-54A2642030AA}"
EndProject
Global
	GlobalSection(SolutionConfigurationPlatforms) = preSolution
		Debug|x64 = Debug|x64
		Debug|x86 = Debug|x86
		Release|x64 = Release|x64
		Release|x86 = Release|x86
	EndGlobalSection
	GlobalSection(ProjectConfigurationPlatforms) = postSolution
		{02210376-2D05-4E51-9790-54A2642030AA}.Debug|x64.ActiveCfg = Debug|x64
		{02210376-2D05-4E51-9790-54A2642030AA}.Debug|x64.Build.0 = Debug|x64
		{02210376-2D05-4E51-9790-54A2642030AA}.Debug|x86.ActiveCfg = Debug|Win32
		{02210376-2D05-4E51-9790-54A2642030AA}.Debug|x86.Build.0 = Debug|Win32
		{02210376-2D05-4E51-9790-54A2642030AA}.Release|x64.ActiveCfg = Release|x64
		{02210376-2D05-4E51-9790-54A2642030AA}.Release|x64.Build.0 = Release|x64
		{02210376-2D05-4E51-9790-54A2642030AA}.Release|x86.ActiveCfg = Release|Win32
		{02210376-2D05-4E51-9790-54A2642030AA}.Release|x86.Build.0 = Release|Win32
	EndGlobalSection
	GlobalSection(SolutionProperties) = preSolution
		HideSolutionNode = FALSE
	EndGlobalSection
	GlobalSection(ExtensibilityGlobals) = postSolution
		SolutionGuid = {B4012783-909F-4788-8107-D03DE2294A21}
	EndGlobalSection
EndGlobal
