
Microsoft Visual Studio Solution File, Format Version 12.00
# Visual Studio Version 16
VisualStudioVersion = 16.0.30128.74
MinimumVisualStudioVersion = 10.0.40219.1
Project("{8BC9CEB8-8B4A-11D0-8D11-00A0C91BC942}") = "getAscII", "getAscII\getAscII.vcxproj", "{5FDBC289-5E5D-44EC-BAFD-F317080E2D81}"
EndProject
Global
	GlobalSection(SolutionConfigurationPlatforms) = preSolution
		Debug|x64 = Debug|x64
		Debug|x86 = Debug|x86
		Release|x64 = Release|x64
		Release|x86 = Release|x86
	EndGlobalSection
	GlobalSection(ProjectConfigurationPlatforms) = postSolution
		{5FDBC289-5E5D-44EC-BAFD-F317080E2D81}.Debug|x64.ActiveCfg = Debug|x64
		{5FDBC289-5E5D-44EC-BAFD-F317080E2D81}.Debug|x64.Build.0 = Debug|x64
		{5FDBC289-5E5D-44EC-BAFD-F317080E2D81}.Debug|x86.ActiveCfg = Debug|Win32
		{5FDBC289-5E5D-44EC-BAFD-F317080E2D81}.Debug|x86.Build.0 = Debug|Win32
		{5FDBC289-5E5D-44EC-BAFD-F317080E2D81}.Release|x64.ActiveCfg = Release|x64
		{5FDBC289-5E5D-44EC-BAFD-F317080E2D81}.Release|x64.Build.0 = Release|x64
		{5FDBC289-5E5D-44EC-BAFD-F317080E2D81}.Release|x86.ActiveCfg = Release|Win32
		{5FDBC289-5E5D-44EC-BAFD-F317080E2D81}.Release|x86.Build.0 = Release|Win32
	EndGlobalSection
	GlobalSection(SolutionProperties) = preSolution
		HideSolutionNode = FALSE
	EndGlobalSection
	GlobalSection(ExtensibilityGlobals) = postSolution
		SolutionGuid = {4FF1F8B1-FFE1-4CC6-AA31-4844708C58F8}
	EndGlobalSection
EndGlobal
